
Microsoft Visual Studio Solution File, Format Version 12.00
# Visual Studio Version 17
VisualStudioVersion = 17.13.35913.81 d17.13
MinimumVisualStudioVersion = 10.0.40219.1
Project("{888888A0-9F3D-457C-B088-3A5042F75D52}") = "测试新建分支", "测试新建分支\测试新建分支.pyproj", "{52A8E2CF-CF9C-445E-B8F4-A2656967E975}"
EndProject
Global
	GlobalSection(SolutionConfigurationPlatforms) = preSolution
		Debug|Any CPU = Debug|Any CPU
		Release|Any CPU = Release|Any CPU
	EndGlobalSection
	GlobalSection(ProjectConfigurationPlatforms) = postSolution
		{52A8E2CF-CF9C-445E-B8F4-A2656967E975}.Debug|Any CPU.ActiveCfg = Debug|Any CPU
		{52A8E2CF-CF9C-445E-B8F4-A2656967E975}.Release|Any CPU.ActiveCfg = Release|Any CPU
	EndGlobalSection
	GlobalSection(SolutionProperties) = preSolution
		HideSolutionNode = FALSE
	EndGlobalSection
	GlobalSection(ExtensibilityGlobals) = postSolution
		SolutionGuid = {31E2382E-087D-4608-9460-1311BBCD3D27}
	EndGlobalSection
EndGlobal
